// !$*UTF8*$!
{
	archiveVersion = 1;
	classes = {
	};
	objectVersion = 50;
	objects = {

/* Begin PBXBuildFile section */
		89D33CDC452F4273125C97F3 /* Pods_URLSessionEx.framework in Frameworks */ = {isa = PBXBuildFile; fileRef = 223B779E71C0E47220192B52 /* Pods_URLSessionEx.framework */; };
		D93EA2D52500D4CE00FBC29F /* PostService.swift in Sources */ = {isa = PBXBuildFile; fileRef = D93EA2D42500D4CE00FBC29F /* PostService.swift */; };
		D93EA2D82500D52900FBC29F /* Post.swift in Sources */ = {isa = PBXBuildFile; fileRef = D93EA2D72500D52900FBC29F /* Post.swift */; };
		D93EA2DB2500D7AF00FBC29F /* ImageView.swift in Sources */ = {isa = PBXBuildFile; fileRef = D93EA2DA2500D7AF00FBC29F /* ImageView.swift */; };
		D93EA2DD2500D7C000FBC29F /* PostListView.swift in Sources */ = {isa = PBXBuildFile; fileRef = D93EA2DC2500D7C000FBC29F /* PostListView.swift */; };
		D93EA2DF2500D7D300FBC29F /* PostViewModel.swift in Sources */ = {isa = PBXBuildFile; fileRef = D93EA2DE2500D7D300FBC29F /* PostViewModel.swift */; };
		D93EA2E12500D7F700FBC29F /* AddView.swift in Sources */ = {isa = PBXBuildFile; fileRef = D93EA2E02500D7F700FBC29F /* AddView.swift */; };
		D93EA2E42500D80D00FBC29F /* ImageDownloader.swift in Sources */ = {isa = PBXBuildFile; fileRef = D93EA2E32500D80D00FBC29F /* ImageDownloader.swift */; };
		D962DF882500BD3E00491EF5 /* AppDelegate.swift in Sources */ = {isa = PBXBuildFile; fileRef = D962DF872500BD3E00491EF5 /* AppDelegate.swift */; };
		D962DF8A2500BD3E00491EF5 /* SceneDelegate.swift in Sources */ = {isa = PBXBuildFile; fileRef = D962DF892500BD3E00491EF5 /* SceneDelegate.swift */; };
		D962DF8E2500BD3E00491EF5 /* Assets.xcassets in Resources */ = {isa = PBXBuildFile; fileRef = D962DF8D2500BD3E00491EF5 /* Assets.xcassets */; };
		D962DF912500BD3E00491EF5 /* Preview Assets.xcassets in Resources */ = {isa = PBXBuildFile; fileRef = D962DF902500BD3E00491EF5 /* Preview Assets.xcassets */; };
		D962DF942500BD3E00491EF5 /* LaunchScreen.storyboard in Resources */ = {isa = PBXBuildFile; fileRef = D962DF922500BD3E00491EF5 /* LaunchScreen.storyboard */; };
		D978FB082501379E00B50F53 /* URLSessionExTests.swift in Sources */ = {isa = PBXBuildFile; fileRef = D978FB072501379E00B50F53 /* URLSessionExTests.swift */; };
/* End PBXBuildFile section */

/* Begin PBXContainerItemProxy section */
		D978FB0A2501379E00B50F53 /* PBXContainerItemProxy */ = {
			isa = PBXContainerItemProxy;
			containerPortal = D962DF7C2500BD3E00491EF5 /* Project object */;
			proxyType = 1;
			remoteGlobalIDString = D962DF832500BD3E00491EF5;
			remoteInfo = URLSessionEx;
		};
/* End PBXContainerItemProxy section */

/* Begin PBXFileReference section */
		223B779E71C0E47220192B52 /* Pods_URLSessionEx.framework */ = {isa = PBXFileReference; explicitFileType = wrapper.framework; includeInIndex = 0; path = Pods_URLSessionEx.framework; sourceTree = BUILT_PRODUCTS_DIR; };
		428C87C3CDBA5CE7A42A1DF4 /* Pods-URLSessionEx.release.xcconfig */ = {isa = PBXFileReference; includeInIndex = 1; lastKnownFileType = text.xcconfig; name = "Pods-URLSessionEx.release.xcconfig"; path = "Target Support Files/Pods-URLSessionEx/Pods-URLSessionEx.release.xcconfig"; sourceTree = "<group>"; };
		D93EA2D42500D4CE00FBC29F /* PostService.swift */ = {isa = PBXFileReference; lastKnownFileType = sourcecode.swift; path = PostService.swift; sourceTree = "<group>"; };
		D93EA2D72500D52900FBC29F /* Post.swift */ = {isa = PBXFileReference; lastKnownFileType = sourcecode.swift; path = Post.swift; sourceTree = "<group>"; };
		D93EA2DA2500D7AF00FBC29F /* ImageView.swift */ = {isa = PBXFileReference; lastKnownFileType = sourcecode.swift; path = ImageView.swift; sourceTree = "<group>"; };
		D93EA2DC2500D7C000FBC29F /* PostListView.swift */ = {isa = PBXFileReference; lastKnownFileType = sourcecode.swift; path = PostListView.swift; sourceTree = "<group>"; };
		D93EA2DE2500D7D300FBC29F /* PostViewModel.swift */ = {isa = PBXFileReference; lastKnownFileType = sourcecode.swift; path = PostViewModel.swift; sourceTree = "<group>"; };
		D93EA2E02500D7F700FBC29F /* AddView.swift */ = {isa = PBXFileReference; lastKnownFileType = sourcecode.swift; path = AddView.swift; sourceTree = "<group>"; };
		D93EA2E32500D80D00FBC29F /* ImageDownloader.swift */ = {isa = PBXFileReference; lastKnownFileType = sourcecode.swift; path = ImageDownloader.swift; sourceTree = "<group>"; };
		D962DF842500BD3E00491EF5 /* URLSessionEx.app */ = {isa = PBXFileReference; explicitFileType = wrapper.application; includeInIndex = 0; path = URLSessionEx.app; sourceTree = BUILT_PRODUCTS_DIR; };
		D962DF872500BD3E00491EF5 /* AppDelegate.swift */ = {isa = PBXFileReference; lastKnownFileType = sourcecode.swift; path = AppDelegate.swift; sourceTree = "<group>"; };
		D962DF892500BD3E00491EF5 /* SceneDelegate.swift */ = {isa = PBXFileReference; lastKnownFileType = sourcecode.swift; path = SceneDelegate.swift; sourceTree = "<group>"; };
		D962DF8D2500BD3E00491EF5 /* Assets.xcassets */ = {isa = PBXFileReference; lastKnownFileType = folder.assetcatalog; path = Assets.xcassets; sourceTree = "<group>"; };
		D962DF902500BD3E00491EF5 /* Preview Assets.xcassets */ = {isa = PBXFileReference; lastKnownFileType = folder.assetcatalog; path = "Preview Assets.xcassets"; sourceTree = "<group>"; };
		D962DF932500BD3E00491EF5 /* Base */ = {isa = PBXFileReference; lastKnownFileType = file.storyboard; name = Base; path = Base.lproj/LaunchScreen.storyboard; sourceTree = "<group>"; };
		D962DF952500BD3E00491EF5 /* Info.plist */ = {isa = PBXFileReference; lastKnownFileType = text.plist.xml; path = Info.plist; sourceTree = "<group>"; };
		D978FB052501379E00B50F53 /* URLSessionExTests.xctest */ = {isa = PBXFileReference; explicitFileType = wrapper.cfbundle; includeInIndex = 0; path = URLSessionExTests.xctest; sourceTree = BUILT_PRODUCTS_DIR; };
		D978FB072501379E00B50F53 /* URLSessionExTests.swift */ = {isa = PBXFileReference; lastKnownFileType = sourcecode.swift; path = URLSessionExTests.swift; sourceTree = "<group>"; };
		D978FB092501379E00B50F53 /* Info.plist */ = {isa = PBXFileReference; lastKnownFileType = text.plist.xml; path = Info.plist; sourceTree = "<group>"; };
		DDF91A06AD13CD0C3FC8759D /* Pods-URLSessionEx.debug.xcconfig */ = {isa = PBXFileReference; includeInIndex = 1; lastKnownFileType = text.xcconfig; name = "Pods-URLSessionEx.debug.xcconfig"; path = "Target Support Files/Pods-URLSessionEx/Pods-URLSessionEx.debug.xcconfig"; sourceTree = "<group>"; };
/* End PBXFileReference section */

/* Begin PBXFrameworksBuildPhase section */
		D962DF812500BD3E00491EF5 /* Frameworks */ = {
			isa = PBXFrameworksBuildPhase;
			buildActionMask = 2147483647;
			files = (
				89D33CDC452F4273125C97F3 /* Pods_URLSessionEx.framework in Frameworks */,
			);
			runOnlyForDeploymentPostprocessing = 0;
		};
		D978FB022501379E00B50F53 /* Frameworks */ = {
			isa = PBXFrameworksBuildPhase;
			buildActionMask = 2147483647;
			files = (
			);
			runOnlyForDeploymentPostprocessing = 0;
		};
/* End PBXFrameworksBuildPhase section */

/* Begin PBXGroup section */
		AB06430D4D188E0DE6087B3F /* Frameworks */ = {
			isa = PBXGroup;
			children = (
				223B779E71C0E47220192B52 /* Pods_URLSessionEx.framework */,
			);
			name = Frameworks;
			sourceTree = "<group>";
		};
		D93EA2D62500D52100FBC29F /* Model */ = {
			isa = PBXGroup;
			children = (
				D93EA2D72500D52900FBC29F /* Post.swift */,
			);
			path = Model;
			sourceTree = "<group>";
		};
		D93EA2D92500D79600FBC29F /* View */ = {
			isa = PBXGroup;
			children = (
				D93EA2DA2500D7AF00FBC29F /* ImageView.swift */,
				D93EA2DC2500D7C000FBC29F /* PostListView.swift */,
				D93EA2DE2500D7D300FBC29F /* PostViewModel.swift */,
				D93EA2E02500D7F700FBC29F /* AddView.swift */,
			);
			path = View;
			sourceTree = "<group>";
		};
		D93EA2E22500D80500FBC29F /* Networking */ = {
			isa = PBXGroup;
			children = (
				D93EA2D42500D4CE00FBC29F /* PostService.swift */,
				D93EA2E32500D80D00FBC29F /* ImageDownloader.swift */,
			);
			path = Networking;
			sourceTree = "<group>";
		};
		D962DF7B2500BD3E00491EF5 = {
			isa = PBXGroup;
			children = (
				D962DF862500BD3E00491EF5 /* URLSessionEx */,
				D978FB062501379E00B50F53 /* URLSessionExTests */,
				D962DF852500BD3E00491EF5 /* Products */,
				DC42F53CC54F8F65C5673536 /* Pods */,
				AB06430D4D188E0DE6087B3F /* Frameworks */,
			);
			sourceTree = "<group>";
		};
		D962DF852500BD3E00491EF5 /* Products */ = {
			isa = PBXGroup;
			children = (
				D962DF842500BD3E00491EF5 /* URLSessionEx.app */,
				D978FB052501379E00B50F53 /* URLSessionExTests.xctest */,
			);
			name = Products;
			sourceTree = "<group>";
		};
		D962DF862500BD3E00491EF5 /* URLSessionEx */ = {
			isa = PBXGroup;
			children = (
				D93EA2E22500D80500FBC29F /* Networking */,
				D93EA2D92500D79600FBC29F /* View */,
				D93EA2D62500D52100FBC29F /* Model */,
				D962DF872500BD3E00491EF5 /* AppDelegate.swift */,
				D962DF892500BD3E00491EF5 /* SceneDelegate.swift */,
				D962DF8D2500BD3E00491EF5 /* Assets.xcassets */,
				D962DF922500BD3E00491EF5 /* LaunchScreen.storyboard */,
				D962DF952500BD3E00491EF5 /* Info.plist */,
				D962DF8F2500BD3E00491EF5 /* Preview Content */,
			);
			path = URLSessionEx;
			sourceTree = "<group>";
		};
		D962DF8F2500BD3E00491EF5 /* Preview Content */ = {
			isa = PBXGroup;
			children = (
				D962DF902500BD3E00491EF5 /* Preview Assets.xcassets */,
			);
			path = "Preview Content";
			sourceTree = "<group>";
		};
		D978FB062501379E00B50F53 /* URLSessionExTests */ = {
			isa = PBXGroup;
			children = (
				D978FB072501379E00B50F53 /* URLSessionExTests.swift */,
				D978FB092501379E00B50F53 /* Info.plist */,
			);
			path = URLSessionExTests;
			sourceTree = "<group>";
		};
		DC42F53CC54F8F65C5673536 /* Pods */ = {
			isa = PBXGroup;
			children = (
				DDF91A06AD13CD0C3FC8759D /* Pods-URLSessionEx.debug.xcconfig */,
				428C87C3CDBA5CE7A42A1DF4 /* Pods-URLSessionEx.release.xcconfig */,
			);
			path = Pods;
			sourceTree = "<group>";
		};
/* End PBXGroup section */

/* Begin PBXNativeTarget section */
		D962DF832500BD3E00491EF5 /* URLSessionEx */ = {
			isa = PBXNativeTarget;
			buildConfigurationList = D962DF982500BD3E00491EF5 /* Build configuration list for PBXNativeTarget "URLSessionEx" */;
			buildPhases = (
				751F08EFB6C45DBC64270636 /* [CP] Check Pods Manifest.lock */,
				D962DF802500BD3E00491EF5 /* Sources */,
				D962DF812500BD3E00491EF5 /* Frameworks */,
				D962DF822500BD3E00491EF5 /* Resources */,
				D93EA2E52500DF1C00FBC29F /* ShellScript */,
			);
			buildRules = (
			);
			dependencies = (
			);
			name = URLSessionEx;
			productName = URLSessionEx;
			productReference = D962DF842500BD3E00491EF5 /* URLSessionEx.app */;
			productType = "com.apple.product-type.application";
		};
		D978FB042501379E00B50F53 /* URLSessionExTests */ = {
			isa = PBXNativeTarget;
			buildConfigurationList = D978FB0E2501379E00B50F53 /* Build configuration list for PBXNativeTarget "URLSessionExTests" */;
			buildPhases = (
				D978FB012501379E00B50F53 /* Sources */,
				D978FB022501379E00B50F53 /* Frameworks */,
				D978FB032501379E00B50F53 /* Resources */,
			);
			buildRules = (
			);
			dependencies = (
				D978FB0B2501379E00B50F53 /* PBXTargetDependency */,
			);
			name = URLSessionExTests;
			productName = URLSessionExTests;
			productReference = D978FB052501379E00B50F53 /* URLSessionExTests.xctest */;
			productType = "com.apple.product-type.bundle.unit-test";
		};
/* End PBXNativeTarget section */

/* Begin PBXProject section */
		D962DF7C2500BD3E00491EF5 /* Project object */ = {
			isa = PBXProject;
			attributes = {
				LastSwiftUpdateCheck = 1160;
				LastUpgradeCheck = 1160;
				ORGANIZATIONNAME = jge;
				TargetAttributes = {
					D962DF832500BD3E00491EF5 = {
						CreatedOnToolsVersion = 11.6;
					};
					D978FB042501379E00B50F53 = {
						CreatedOnToolsVersion = 11.6;
						TestTargetID = D962DF832500BD3E00491EF5;
					};
				};
			};
			buildConfigurationList = D962DF7F2500BD3E00491EF5 /* Build configuration list for PBXProject "URLSessionEx" */;
			compatibilityVersion = "Xcode 9.3";
			developmentRegion = en;
			hasScannedForEncodings = 0;
			knownRegions = (
				en,
				Base,
			);
			mainGroup = D962DF7B2500BD3E00491EF5;
			productRefGroup = D962DF852500BD3E00491EF5 /* Products */;
			projectDirPath = "";
			projectRoot = "";
			targets = (
				D962DF832500BD3E00491EF5 /* URLSessionEx */,
				D978FB042501379E00B50F53 /* URLSessionExTests */,
			);
		};
/* End PBXProject section */

/* Begin PBXResourcesBuildPhase section */
		D962DF822500BD3E00491EF5 /* Resources */ = {
			isa = PBXResourcesBuildPhase;
			buildActionMask = 2147483647;
			files = (
				D962DF942500BD3E00491EF5 /* LaunchScreen.storyboard in Resources */,
				D962DF912500BD3E00491EF5 /* Preview Assets.xcassets in Resources */,
				D962DF8E2500BD3E00491EF5 /* Assets.xcassets in Resources */,
			);
			runOnlyForDeploymentPostprocessing = 0;
		};
		D978FB032501379E00B50F53 /* Resources */ = {
			isa = PBXResourcesBuildPhase;
			buildActionMask = 2147483647;
			files = (
			);
			runOnlyForDeploymentPostprocessing = 0;
		};
/* End PBXResourcesBuildPhase section */

/* Begin PBXShellScriptBuildPhase section */
		751F08EFB6C45DBC64270636 /* [CP] Check Pods Manifest.lock */ = {
			isa = PBXShellScriptBuildPhase;
			buildActionMask = 2147483647;
			files = (
			);
			inputFileListPaths = (
			);
			inputPaths = (
				"${PODS_PODFILE_DIR_PATH}/Podfile.lock",
				"${PODS_ROOT}/Manifest.lock",
			);
			name = "[CP] Check Pods Manifest.lock";
			outputFileListPaths = (
			);
			outputPaths = (
				"$(DERIVED_FILE_DIR)/Pods-URLSessionEx-checkManifestLockResult.txt",
			);
			runOnlyForDeploymentPostprocessing = 0;
			shellPath = /bin/sh;
			shellScript = "diff \"${PODS_PODFILE_DIR_PATH}/Podfile.lock\" \"${PODS_ROOT}/Manifest.lock\" > /dev/null\nif [ $? != 0 ] ; then\n    # print error to STDERR\n    echo \"error: The sandbox is not in sync with the Podfile.lock. Run 'pod install' or update your CocoaPods installation.\" >&2\n    exit 1\nfi\n# This output is used by Xcode 'outputs' to avoid re-running this script phase.\necho \"SUCCESS\" > \"${SCRIPT_OUTPUT_FILE_0}\"\n";
			showEnvVarsInLog = 0;
		};
		D93EA2E52500DF1C00FBC29F /* ShellScript */ = {
			isa = PBXShellScriptBuildPhase;
			buildActionMask = 2147483647;
			files = (
			);
			inputFileListPaths = (
			);
			inputPaths = (
			);
			outputFileListPaths = (
			);
			outputPaths = (
			);
			runOnlyForDeploymentPostprocessing = 0;
			shellPath = /bin/sh;
			shellScript = "${PODS_ROOT}/SwiftLint/swiftlint autocorrect\n";
		};
/* End PBXShellScriptBuildPhase section */

/* Begin PBXSourcesBuildPhase section */
		D962DF802500BD3E00491EF5 /* Sources */ = {
			isa = PBXSourcesBuildPhase;
			buildActionMask = 2147483647;
			files = (
				D93EA2DB2500D7AF00FBC29F /* ImageView.swift in Sources */,
				D93EA2DF2500D7D300FBC29F /* PostViewModel.swift in Sources */,
				D93EA2E42500D80D00FBC29F /* ImageDownloader.swift in Sources */,
				D962DF882500BD3E00491EF5 /* AppDelegate.swift in Sources */,
				D962DF8A2500BD3E00491EF5 /* SceneDelegate.swift in Sources */,
				D93EA2E12500D7F700FBC29F /* AddView.swift in Sources */,
				D93EA2D52500D4CE00FBC29F /* PostService.swift in Sources */,
				D93EA2DD2500D7C000FBC29F /* PostListView.swift in Sources */,
				D93EA2D82500D52900FBC29F /* Post.swift in Sources */,
			);
			runOnlyForDeploymentPostprocessing = 0;
		};
		D978FB012501379E00B50F53 /* Sources */ = {
			isa = PBXSourcesBuildPhase;
			buildActionMask = 2147483647;
			files = (
				D978FB082501379E00B50F53 /* URLSessionExTests.swift in Sources */,
			);
			runOnlyForDeploymentPostprocessing = 0;
		};
/* End PBXSourcesBuildPhase section */

/* Begin PBXTargetDependency section */
		D978FB0B2501379E00B50F53 /* PBXTargetDependency */ = {
			isa = PBXTargetDependency;
			target = D962DF832500BD3E00491EF5 /* URLSessionEx */;
			targetProxy = D978FB0A2501379E00B50F53 /* PBXContainerItemProxy */;
		};
/* End PBXTargetDependency section */

/* Begin PBXVariantGroup section */
		D962DF922500BD3E00491EF5 /* LaunchScreen.storyboard */ = {
			isa = PBXVariantGroup;
			children = (
				D962DF932500BD3E00491EF5 /* Base */,
			);
			name = LaunchScreen.storyboard;
			sourceTree = "<group>";
		};
/* End PBXVariantGroup section */

/* Begin XCBuildConfiguration section */
		D962DF962500BD3E00491EF5 /* Debug */ = {
			isa = XCBuildConfiguration;
			buildSettings = {
				ALWAYS_SEARCH_USER_PATHS = NO;
				CLANG_ANALYZER_NONNULL = YES;
				CLANG_ANALYZER_NUMBER_OBJECT_CONVERSION = YES_AGGRESSIVE;
				CLANG_CXX_LANGUAGE_STANDARD = "gnu++14";
				CLANG_CXX_LIBRARY = "libc++";
				CLANG_ENABLE_MODULES = YES;
				CLANG_ENABLE_OBJC_ARC = YES;
				CLANG_ENABLE_OBJC_WEAK = YES;
				CLANG_WARN_BLOCK_CAPTURE_AUTORELEASING = YES;
				CLANG_WARN_BOOL_CONVERSION = YES;
				CLANG_WARN_COMMA = YES;
				CLANG_WARN_CONSTANT_CONVERSION = YES;
				CLANG_WARN_DEPRECATED_OBJC_IMPLEMENTATIONS = YES;
				CLANG_WARN_DIRECT_OBJC_ISA_USAGE = YES_ERROR;
				CLANG_WARN_DOCUMENTATION_COMMENTS = YES;
				CLANG_WARN_EMPTY_BODY = YES;
				CLANG_WARN_ENUM_CONVERSION = YES;
				CLANG_WARN_INFINITE_RECURSION = YES;
				CLANG_WARN_INT_CONVERSION = YES;
				CLANG_WARN_NON_LITERAL_NULL_CONVERSION = YES;
				CLANG_WARN_OBJC_IMPLICIT_RETAIN_SELF = YES;
				CLANG_WARN_OBJC_LITERAL_CONVERSION = YES;
				CLANG_WARN_OBJC_ROOT_CLASS = YES_ERROR;
				CLANG_WARN_RANGE_LOOP_ANALYSIS = YES;
				CLANG_WARN_STRICT_PROTOTYPES = YES;
				CLANG_WARN_SUSPICIOUS_MOVE = YES;
				CLANG_WARN_UNGUARDED_AVAILABILITY = YES_AGGRESSIVE;
				CLANG_WARN_UNREACHABLE_CODE = YES;
				CLANG_WARN__DUPLICATE_METHOD_MATCH = YES;
				COPY_PHASE_STRIP = NO;
				DEBUG_INFORMATION_FORMAT = dwarf;
				ENABLE_STRICT_OBJC_MSGSEND = YES;
				ENABLE_TESTABILITY = YES;
				GCC_C_LANGUAGE_STANDARD = gnu11;
				GCC_DYNAMIC_NO_PIC = NO;
				GCC_NO_COMMON_BLOCKS = YES;
				GCC_OPTIMIZATION_LEVEL = 0;
				GCC_PREPROCESSOR_DEFINITIONS = (
					"DEBUG=1",
					"$(inherited)",
				);
				GCC_WARN_64_TO_32_BIT_CONVERSION = YES;
				GCC_WARN_ABOUT_RETURN_TYPE = YES_ERROR;
				GCC_WARN_UNDECLARED_SELECTOR = YES;
				GCC_WARN_UNINITIALIZED_AUTOS = YES_AGGRESSIVE;
				GCC_WARN_UNUSED_FUNCTION = YES;
				GCC_WARN_UNUSED_VARIABLE = YES;
				IPHONEOS_DEPLOYMENT_TARGET = 13.6;
				MTL_ENABLE_DEBUG_INFO = INCLUDE_SOURCE;
				MTL_FAST_MATH = YES;
				ONLY_ACTIVE_ARCH = YES;
				SDKROOT = iphoneos;
				SWIFT_ACTIVE_COMPILATION_CONDITIONS = DEBUG;
				SWIFT_OPTIMIZATION_LEVEL = "-Onone";
			};
			name = Debug;
		};
		D962DF972500BD3E00491EF5 /* Release */ = {
			isa = XCBuildConfiguration;
			buildSettings = {
				ALWAYS_SEARCH_USER_PATHS = NO;
				CLANG_ANALYZER_NONNULL = YES;
				CLANG_ANALYZER_NUMBER_OBJECT_CONVERSION = YES_AGGRESSIVE;
				CLANG_CXX_LANGUAGE_STANDARD = "gnu++14";
				CLANG_CXX_LIBRARY = "libc++";
				CLANG_ENABLE_MODULES = YES;
				CLANG_ENABLE_OBJC_ARC = YES;
				CLANG_ENABLE_OBJC_WEAK = YES;
				CLANG_WARN_BLOCK_CAPTURE_AUTORELEASING = YES;
				CLANG_WARN_BOOL_CONVERSION = YES;
				CLANG_WARN_COMMA = YES;
				CLANG_WARN_CONSTANT_CONVERSION = YES;
				CLANG_WARN_DEPRECATED_OBJC_IMPLEMENTATIONS = YES;
				CLANG_WARN_DIRECT_OBJC_ISA_USAGE = YES_ERROR;
				CLANG_WARN_DOCUMENTATION_COMMENTS = YES;
				CLANG_WARN_EMPTY_BODY = YES;
				CLANG_WARN_ENUM_CONVERSION = YES;
				CLANG_WARN_INFINITE_RECURSION = YES;
				CLANG_WARN_INT_CONVERSION = YES;
				CLANG_WARN_NON_LITERAL_NULL_CONVERSION = YES;
				CLANG_WARN_OBJC_IMPLICIT_RETAIN_SELF = YES;
				CLANG_WARN_OBJC_LITERAL_CONVERSION = YES;
				CLANG_WARN_OBJC_ROOT_CLASS = YES_ERROR;
				CLANG_WARN_RANGE_LOOP_ANALYSIS = YES;
				CLANG_WARN_STRICT_PROTOTYPES = YES;
				CLANG_WARN_SUSPICIOUS_MOVE = YES;
				CLANG_WARN_UNGUARDED_AVAILABILITY = YES_AGGRESSIVE;
				CLANG_WARN_UNREACHABLE_CODE = YES;
				CLANG_WARN__DUPLICATE_METHOD_MATCH = YES;
				COPY_PHASE_STRIP = NO;
				DEBUG_INFORMATION_FORMAT = "dwarf-with-dsym";
				ENABLE_NS_ASSERTIONS = NO;
				ENABLE_STRICT_OBJC_MSGSEND = YES;
				GCC_C_LANGUAGE_STANDARD = gnu11;
				GCC_NO_COMMON_BLOCKS = YES;
				GCC_WARN_64_TO_32_BIT_CONVERSION = YES;
				GCC_WARN_ABOUT_RETURN_TYPE = YES_ERROR;
				GCC_WARN_UNDECLARED_SELECTOR = YES;
				GCC_WARN_UNINITIALIZED_AUTOS = YES_AGGRESSIVE;
				GCC_WARN_UNUSED_FUNCTION = YES;
				GCC_WARN_UNUSED_VARIABLE = YES;
				IPHONEOS_DEPLOYMENT_TARGET = 13.6;
				MTL_ENABLE_DEBUG_INFO = NO;
				MTL_FAST_MATH = YES;
				SDKROOT = iphoneos;
				SWIFT_COMPILATION_MODE = wholemodule;
				SWIFT_OPTIMIZATION_LEVEL = "-O";
				VALIDATE_PRODUCT = YES;
			};
			name = Release;
		};
		D962DF992500BD3E00491EF5 /* Debug */ = {
			isa = XCBuildConfiguration;
			baseConfigurationReference = DDF91A06AD13CD0C3FC8759D /* Pods-URLSessionEx.debug.xcconfig */;
			buildSettings = {
				ASSETCATALOG_COMPILER_APPICON_NAME = AppIcon;
				CODE_SIGN_STYLE = Automatic;
				DEVELOPMENT_ASSET_PATHS = "\"URLSessionEx/Preview Content\"";
				DEVELOPMENT_TEAM = C2JSJLJ4FN;
				ENABLE_PREVIEWS = YES;
				INFOPLIST_FILE = URLSessionEx/Info.plist;
				LD_RUNPATH_SEARCH_PATHS = (
					"$(inherited)",
					"@executable_path/Frameworks",
				);
				PRODUCT_BUNDLE_IDENTIFIER = com.jeonggo.URLSessionEx;
				PRODUCT_NAME = "$(TARGET_NAME)";
				SWIFT_VERSION = 5.0;
				TARGETED_DEVICE_FAMILY = "1,2";
			};
			name = Debug;
		};
		D962DF9A2500BD3E00491EF5 /* Release */ = {
			isa = XCBuildConfiguration;
			baseConfigurationReference = 428C87C3CDBA5CE7A42A1DF4 /* Pods-URLSessionEx.release.xcconfig */;
			buildSettings = {
				ASSETCATALOG_COMPILER_APPICON_NAME = AppIcon;
				CODE_SIGN_STYLE = Automatic;
				DEVELOPMENT_ASSET_PATHS = "\"URLSessionEx/Preview Content\"";
				DEVELOPMENT_TEAM = C2JSJLJ4FN;
				ENABLE_PREVIEWS = YES;
				INFOPLIST_FILE = URLSessionEx/Info.plist;
				LD_RUNPATH_SEARCH_PATHS = (
					"$(inherited)",
					"@executable_path/Frameworks",
				);
				PRODUCT_BUNDLE_IDENTIFIER = com.jeonggo.URLSessionEx;
				PRODUCT_NAME = "$(TARGET_NAME)";
				SWIFT_VERSION = 5.0;
				TARGETED_DEVICE_FAMILY = "1,2";
			};
			name = Release;
		};
		D978FB0C2501379E00B50F53 /* Debug */ = {
			isa = XCBuildConfiguration;
			buildSettings = {
				BUNDLE_LOADER = "$(TEST_HOST)";
				CODE_SIGN_STYLE = Automatic;
				DEVELOPMENT_TEAM = C2JSJLJ4FN;
				INFOPLIST_FILE = URLSessionExTests/Info.plist;
				LD_RUNPATH_SEARCH_PATHS = (
					"$(inherited)",
					"@executable_path/Frameworks",
					"@loader_path/Frameworks",
				);
				PRODUCT_BUNDLE_IDENTIFIER = com.jeonggo.URLSessionExTests;
				PRODUCT_NAME = "$(TARGET_NAME)";
				SWIFT_VERSION = 5.0;
				TARGETED_DEVICE_FAMILY = "1,2";
				TEST_HOST = "$(BUILT_PRODUCTS_DIR)/URLSessionEx.app/URLSessionEx";
			};
			name = Debug;
		};
		D978FB0D2501379E00B50F53 /* Release */ = {
			isa = XCBuildConfiguration;
			buildSettings = {
				BUNDLE_LOADER = "$(TEST_HOST)";
				CODE_SIGN_STYLE = Automatic;
				DEVELOPMENT_TEAM = C2JSJLJ4FN;
				INFOPLIST_FILE = URLSessionExTests/Info.plist;
				LD_RUNPATH_SEARCH_PATHS = (
					"$(inherited)",
					"@executable_path/Frameworks",
					"@loader_path/Frameworks",
				);
				PRODUCT_BUNDLE_IDENTIFIER = com.jeonggo.URLSessionExTests;
				PRODUCT_NAME = "$(TARGET_NAME)";
				SWIFT_VERSION = 5.0;
				TARGETED_DEVICE_FAMILY = "1,2";
				TEST_HOST = "$(BUILT_PRODUCTS_DIR)/URLSessionEx.app/URLSessionEx";
			};
			name = Release;
		};
/* End XCBuildConfiguration section */

/* Begin XCConfigurationList section */
		D962DF7F2500BD3E00491EF5 /* Build configuration list for PBXProject "URLSessionEx" */ = {
			isa = XCConfigurationList;
			buildConfigurations = (
				D962DF962500BD3E00491EF5 /* Debug */,
				D962DF972500BD3E00491EF5 /* Release */,
			);
			defaultConfigurationIsVisible = 0;
			defaultConfigurationName = Release;
		};
		D962DF982500BD3E00491EF5 /* Build configuration list for PBXNativeTarget "URLSessionEx" */ = {
			isa = XCConfigurationList;
			buildConfigurations = (
				D962DF992500BD3E00491EF5 /* Debug */,
				D962DF9A2500BD3E00491EF5 /* Release */,
			);
			defaultConfigurationIsVisible = 0;
			defaultConfigurationName = Release;
		};
		D978FB0E2501379E00B50F53 /* Build configuration list for PBXNativeTarget "URLSessionExTests" */ = {
			isa = XCConfigurationList;
			buildConfigurations = (
				D978FB0C2501379E00B50F53 /* Debug */,
				D978FB0D2501379E00B50F53 /* Release */,
			);
			defaultConfigurationIsVisible = 0;
			defaultConfigurationName = Release;
		};
/* End XCConfigurationList section */
	};
	rootObject = D962DF7C2500BD3E00491EF5 /* Project object */;
}
